// !$*UTF8*$!
{
	archiveVersion = 1;
	classes = {
	};
	objectVersion = 56;
	objects = {

/* Begin PBXBuildFile section */
		14AECAE8293361A700220307 /* AppDelegate.swift in Sources */ = {isa = PBXBuildFile; fileRef = 14AECAE7293361A700220307 /* AppDelegate.swift */; };
		14AECAEA293361A700220307 /* SceneDelegate.swift in Sources */ = {isa = PBXBuildFile; fileRef = 14AECAE9293361A700220307 /* SceneDelegate.swift */; };
		14AECAEC293361A700220307 /* ViewController.swift in Sources */ = {isa = PBXBuildFile; fileRef = 14AECAEB293361A700220307 /* ViewController.swift */; };
		14AECAEF293361A700220307 /* Main.storyboard in Resources */ = {isa = PBXBuildFile; fileRef = 14AECAED293361A700220307 /* Main.storyboard */; };
		14AECAF1293361A800220307 /* Assets.xcassets in Resources */ = {isa = PBXBuildFile; fileRef = 14AECAF0293361A800220307 /* Assets.xcassets */; };
		14AECAF4293361A800220307 /* LaunchScreen.storyboard in Resources */ = {isa = PBXBuildFile; fileRef = 14AECAF2293361A800220307 /* LaunchScreen.storyboard */; };
		14AECAFF2933670C00220307 /* CurrenciesWithRates.swift in Sources */ = {isa = PBXBuildFile; fileRef = 14AECAFE2933670C00220307 /* CurrenciesWithRates.swift */; };
		14AECB0129337DC300220307 /* NetworkController.swift in Sources */ = {isa = PBXBuildFile; fileRef = 14AECB0029337DC300220307 /* NetworkController.swift */; };
		14AECB032933824A00220307 /* CurrencyModel.swift in Sources */ = {isa = PBXBuildFile; fileRef = 14AECB022933824A00220307 /* CurrencyModel.swift */; };
		14AECB0529339E1B00220307 /* CurrencyCell.swift in Sources */ = {isa = PBXBuildFile; fileRef = 14AECB0429339E1B00220307 /* CurrencyCell.swift */; };
/* End PBXBuildFile section */

/* Begin PBXFileReference section */
		14AECAE4293361A700220307 /* stonks͡° ͜ʖ ͡°.app */ = {isa = PBXFileReference; explicitFileType = wrapper.application; includeInIndex = 0; path = "stonks͡° ͜ʖ ͡°.app"; sourceTree = BUILT_PRODUCTS_DIR; };
		14AECAE7293361A700220307 /* AppDelegate.swift */ = {isa = PBXFileReference; lastKnownFileType = sourcecode.swift; path = AppDelegate.swift; sourceTree = "<group>"; };
		14AECAE9293361A700220307 /* SceneDelegate.swift */ = {isa = PBXFileReference; lastKnownFileType = sourcecode.swift; path = SceneDelegate.swift; sourceTree = "<group>"; };
		14AECAEB293361A700220307 /* ViewController.swift */ = {isa = PBXFileReference; lastKnownFileType = sourcecode.swift; path = ViewController.swift; sourceTree = "<group>"; };
		14AECAEE293361A700220307 /* Base */ = {isa = PBXFileReference; lastKnownFileType = file.storyboard; name = Base; path = Base.lproj/Main.storyboard; sourceTree = "<group>"; };
		14AECAF0293361A800220307 /* Assets.xcassets */ = {isa = PBXFileReference; lastKnownFileType = folder.assetcatalog; path = Assets.xcassets; sourceTree = "<group>"; };
		14AECAF3293361A800220307 /* Base */ = {isa = PBXFileReference; lastKnownFileType = file.storyboard; name = Base; path = Base.lproj/LaunchScreen.storyboard; sourceTree = "<group>"; };
		14AECAF5293361A800220307 /* Info.plist */ = {isa = PBXFileReference; lastKnownFileType = text.plist.xml; path = Info.plist; sourceTree = "<group>"; };
		14AECAFE2933670C00220307 /* CurrenciesWithRates.swift */ = {isa = PBXFileReference; lastKnownFileType = sourcecode.swift; path = CurrenciesWithRates.swift; sourceTree = "<group>"; };
		14AECB0029337DC300220307 /* NetworkController.swift */ = {isa = PBXFileReference; lastKnownFileType = sourcecode.swift; path = NetworkController.swift; sourceTree = "<group>"; };
		14AECB022933824A00220307 /* CurrencyModel.swift */ = {isa = PBXFileReference; lastKnownFileType = sourcecode.swift; path = CurrencyModel.swift; sourceTree = "<group>"; };
		14AECB0429339E1B00220307 /* CurrencyCell.swift */ = {isa = PBXFileReference; lastKnownFileType = sourcecode.swift; path = CurrencyCell.swift; sourceTree = "<group>"; };
/* End PBXFileReference section */

/* Begin PBXFrameworksBuildPhase section */
		14AECAE1293361A700220307 /* Frameworks */ = {
			isa = PBXFrameworksBuildPhase;
			buildActionMask = 2147483647;
			files = (
			);
			runOnlyForDeploymentPostprocessing = 0;
		};
/* End PBXFrameworksBuildPhase section */

/* Begin PBXGroup section */
		14AECADB293361A700220307 = {
			isa = PBXGroup;
			children = (
				14AECAE6293361A700220307 /* stonks  ͡° ͜ʖ ͡° */,
				14AECAE5293361A700220307 /* Products */,
			);
			sourceTree = "<group>";
		};
		14AECAE5293361A700220307 /* Products */ = {
			isa = PBXGroup;
			children = (
				14AECAE4293361A700220307 /* stonks͡° ͜ʖ ͡°.app */,
			);
			name = Products;
			sourceTree = "<group>";
		};
		14AECAE6293361A700220307 /* stonks  ͡° ͜ʖ ͡° */ = {
			isa = PBXGroup;
			children = (
				14AECAFD2933620100220307 /* Models */,
				14AECAFB293361E900220307 /* Controllers */,
				14AECAFC293361F600220307 /* Views */,
				14AECAE7293361A700220307 /* AppDelegate.swift */,
				14AECAE9293361A700220307 /* SceneDelegate.swift */,
				14AECAF0293361A800220307 /* Assets.xcassets */,
				14AECAF2293361A800220307 /* LaunchScreen.storyboard */,
				14AECAF5293361A800220307 /* Info.plist */,
			);
			path = "stonks  ͡° ͜ʖ ͡°";
			sourceTree = "<group>";
		};
		14AECAFB293361E900220307 /* Controllers */ = {
			isa = PBXGroup;
			children = (
				14AECAEB293361A700220307 /* ViewController.swift */,
				14AECB0029337DC300220307 /* NetworkController.swift */,
			);
			path = Controllers;
			sourceTree = "<group>";
		};
		14AECAFC293361F600220307 /* Views */ = {
			isa = PBXGroup;
			children = (
				14AECAED293361A700220307 /* Main.storyboard */,
				14AECB0429339E1B00220307 /* CurrencyCell.swift */,
			);
			path = Views;
			sourceTree = "<group>";
		};
		14AECAFD2933620100220307 /* Models */ = {
			isa = PBXGroup;
			children = (
				14AECAFE2933670C00220307 /* CurrenciesWithRates.swift */,
				14AECB022933824A00220307 /* CurrencyModel.swift */,
			);
			path = Models;
			sourceTree = "<group>";
		};
/* End PBXGroup section */

/* Begin PBXNativeTarget section */
		14AECAE3293361A700220307 /* stonks͡° ͜ʖ ͡° */ = {
			isa = PBXNativeTarget;
			buildConfigurationList = 14AECAF8293361A800220307 /* Build configuration list for PBXNativeTarget "stonks͡° ͜ʖ ͡°" */;
			buildPhases = (
				14AECAE0293361A700220307 /* Sources */,
				14AECAE1293361A700220307 /* Frameworks */,
				14AECAE2293361A700220307 /* Resources */,
			);
			buildRules = (
			);
			dependencies = (
			);
			name = "stonks͡° ͜ʖ ͡°";
			productName = "stonks  ͡° ͜ʖ ͡°";
			productReference = 14AECAE4293361A700220307 /* stonks͡° ͜ʖ ͡°.app */;
			productType = "com.apple.product-type.application";
		};
/* End PBXNativeTarget section */

/* Begin PBXProject section */
		14AECADC293361A700220307 /* Project object */ = {
			isa = PBXProject;
			attributes = {
				BuildIndependentTargetsInParallel = 1;
				LastSwiftUpdateCheck = 1400;
				LastUpgradeCheck = 1400;
				TargetAttributes = {
					14AECAE3293361A700220307 = {
						CreatedOnToolsVersion = 14.0.1;
					};
				};
			};
			buildConfigurationList = 14AECADF293361A700220307 /* Build configuration list for PBXProject "stonks͡° ͜ʖ ͡°" */;
			compatibilityVersion = "Xcode 14.0";
			developmentRegion = en;
			hasScannedForEncodings = 0;
			knownRegions = (
				en,
				Base,
			);
			mainGroup = 14AECADB293361A700220307;
			productRefGroup = 14AECAE5293361A700220307 /* Products */;
			projectDirPath = "";
			projectRoot = "";
			targets = (
				14AECAE3293361A700220307 /* stonks͡° ͜ʖ ͡° */,
			);
		};
/* End PBXProject section */

/* Begin PBXResourcesBuildPhase section */
		14AECAE2293361A700220307 /* Resources */ = {
			isa = PBXResourcesBuildPhase;
			buildActionMask = 2147483647;
			files = (
				14AECAF4293361A800220307 /* LaunchScreen.storyboard in Resources */,
				14AECAF1293361A800220307 /* Assets.xcassets in Resources */,
				14AECAEF293361A700220307 /* Main.storyboard in Resources */,
			);
			runOnlyForDeploymentPostprocessing = 0;
		};
/* End PBXResourcesBuildPhase section */

/* Begin PBXSourcesBuildPhase section */
		14AECAE0293361A700220307 /* Sources */ = {
			isa = PBXSourcesBuildPhase;
			buildActionMask = 2147483647;
			files = (
				14AECB0129337DC300220307 /* NetworkController.swift in Sources */,
				14AECAEC293361A700220307 /* ViewController.swift in Sources */,
				14AECB032933824A00220307 /* CurrencyModel.swift in Sources */,
				14AECAE8293361A700220307 /* AppDelegate.swift in Sources */,
				14AECB0529339E1B00220307 /* CurrencyCell.swift in Sources */,
				14AECAFF2933670C00220307 /* CurrenciesWithRates.swift in Sources */,
				14AECAEA293361A700220307 /* SceneDelegate.swift in Sources */,
			);
			runOnlyForDeploymentPostprocessing = 0;
		};
/* End PBXSourcesBuildPhase section */

/* Begin PBXVariantGroup section */
		14AECAED293361A700220307 /* Main.storyboard */ = {
			isa = PBXVariantGroup;
			children = (
				14AECAEE293361A700220307 /* Base */,
			);
			name = Main.storyboard;
			sourceTree = "<group>";
		};
		14AECAF2293361A800220307 /* LaunchScreen.storyboard */ = {
			isa = PBXVariantGroup;
			children = (
				14AECAF3293361A800220307 /* Base */,
			);
			name = LaunchScreen.storyboard;
			sourceTree = "<group>";
		};
/* End PBXVariantGroup section */

/* Begin XCBuildConfiguration section */
		14AECAF6293361A800220307 /* Debug */ = {
			isa = XCBuildConfiguration;
			buildSettings = {
				ALWAYS_SEARCH_USER_PATHS = NO;
				CLANG_ANALYZER_NONNULL = YES;
				CLANG_ANALYZER_NUMBER_OBJECT_CONVERSION = YES_AGGRESSIVE;
				CLANG_CXX_LANGUAGE_STANDARD = "gnu++20";
				CLANG_ENABLE_MODULES = YES;
				CLANG_ENABLE_OBJC_ARC = YES;
				CLANG_ENABLE_OBJC_WEAK = YES;
				CLANG_WARN_BLOCK_CAPTURE_AUTORELEASING = YES;
				CLANG_WARN_BOOL_CONVERSION = YES;
				CLANG_WARN_COMMA = YES;
				CLANG_WARN_CONSTANT_CONVERSION = YES;
				CLANG_WARN_DEPRECATED_OBJC_IMPLEMENTATIONS = YES;
				CLANG_WARN_DIRECT_OBJC_ISA_USAGE = YES_ERROR;
				CLANG_WARN_DOCUMENTATION_COMMENTS = YES;
				CLANG_WARN_EMPTY_BODY = YES;
				CLANG_WARN_ENUM_CONVERSION = YES;
				CLANG_WARN_INFINITE_RECURSION = YES;
				CLANG_WARN_INT_CONVERSION = YES;
				CLANG_WARN_NON_LITERAL_NULL_CONVERSION = YES;
				CLANG_WARN_OBJC_IMPLICIT_RETAIN_SELF = YES;
				CLANG_WARN_OBJC_LITERAL_CONVERSION = YES;
				CLANG_WARN_OBJC_ROOT_CLASS = YES_ERROR;
				CLANG_WARN_QUOTED_INCLUDE_IN_FRAMEWORK_HEADER = YES;
				CLANG_WARN_RANGE_LOOP_ANALYSIS = YES;
				CLANG_WARN_STRICT_PROTOTYPES = YES;
				CLANG_WARN_SUSPICIOUS_MOVE = YES;
				CLANG_WARN_UNGUARDED_AVAILABILITY = YES_AGGRESSIVE;
				CLANG_WARN_UNREACHABLE_CODE = YES;
				CLANG_WARN__DUPLICATE_METHOD_MATCH = YES;
				COPY_PHASE_STRIP = NO;
				DEBUG_INFORMATION_FORMAT = dwarf;
				ENABLE_STRICT_OBJC_MSGSEND = YES;
				ENABLE_TESTABILITY = YES;
				GCC_C_LANGUAGE_STANDARD = gnu11;
				GCC_DYNAMIC_NO_PIC = NO;
				GCC_NO_COMMON_BLOCKS = YES;
				GCC_OPTIMIZATION_LEVEL = 0;
				GCC_PREPROCESSOR_DEFINITIONS = (
					"DEBUG=1",
					"$(inherited)",
				);
				GCC_WARN_64_TO_32_BIT_CONVERSION = YES;
				GCC_WARN_ABOUT_RETURN_TYPE = YES_ERROR;
				GCC_WARN_UNDECLARED_SELECTOR = YES;
				GCC_WARN_UNINITIALIZED_AUTOS = YES_AGGRESSIVE;
				GCC_WARN_UNUSED_FUNCTION = YES;
				GCC_WARN_UNUSED_VARIABLE = YES;
				IPHONEOS_DEPLOYMENT_TARGET = 16.0;
				MTL_ENABLE_DEBUG_INFO = INCLUDE_SOURCE;
				MTL_FAST_MATH = YES;
				ONLY_ACTIVE_ARCH = YES;
				SDKROOT = iphoneos;
				SWIFT_ACTIVE_COMPILATION_CONDITIONS = DEBUG;
				SWIFT_OPTIMIZATION_LEVEL = "-Onone";
			};
			name = Debug;
		};
		14AECAF7293361A800220307 /* Release */ = {
			isa = XCBuildConfiguration;
			buildSettings = {
				ALWAYS_SEARCH_USER_PATHS = NO;
				CLANG_ANALYZER_NONNULL = YES;
				CLANG_ANALYZER_NUMBER_OBJECT_CONVERSION = YES_AGGRESSIVE;
				CLANG_CXX_LANGUAGE_STANDARD = "gnu++20";
				CLANG_ENABLE_MODULES = YES;
				CLANG_ENABLE_OBJC_ARC = YES;
				CLANG_ENABLE_OBJC_WEAK = YES;
				CLANG_WARN_BLOCK_CAPTURE_AUTORELEASING = YES;
				CLANG_WARN_BOOL_CONVERSION = YES;
				CLANG_WARN_COMMA = YES;
				CLANG_WARN_CONSTANT_CONVERSION = YES;
				CLANG_WARN_DEPRECATED_OBJC_IMPLEMENTATIONS = YES;
				CLANG_WARN_DIRECT_OBJC_ISA_USAGE = YES_ERROR;
				CLANG_WARN_DOCUMENTATION_COMMENTS = YES;
				CLANG_WARN_EMPTY_BODY = YES;
				CLANG_WARN_ENUM_CONVERSION = YES;
				CLANG_WARN_INFINITE_RECURSION = YES;
				CLANG_WARN_INT_CONVERSION = YES;
				CLANG_WARN_NON_LITERAL_NULL_CONVERSION = YES;
				CLANG_WARN_OBJC_IMPLICIT_RETAIN_SELF = YES;
				CLANG_WARN_OBJC_LITERAL_CONVERSION = YES;
				CLANG_WARN_OBJC_ROOT_CLASS = YES_ERROR;
				CLANG_WARN_QUOTED_INCLUDE_IN_FRAMEWORK_HEADER = YES;
				CLANG_WARN_RANGE_LOOP_ANALYSIS = YES;
				CLANG_WARN_STRICT_PROTOTYPES = YES;
				CLANG_WARN_SUSPICIOUS_MOVE = YES;
				CLANG_WARN_UNGUARDED_AVAILABILITY = YES_AGGRESSIVE;
				CLANG_WARN_UNREACHABLE_CODE = YES;
				CLANG_WARN__DUPLICATE_METHOD_MATCH = YES;
				COPY_PHASE_STRIP = NO;
				DEBUG_INFORMATION_FORMAT = "dwarf-with-dsym";
				ENABLE_NS_ASSERTIONS = NO;
				ENABLE_STRICT_OBJC_MSGSEND = YES;
				GCC_C_LANGUAGE_STANDARD = gnu11;
				GCC_NO_COMMON_BLOCKS = YES;
				GCC_WARN_64_TO_32_BIT_CONVERSION = YES;
				GCC_WARN_ABOUT_RETURN_TYPE = YES_ERROR;
				GCC_WARN_UNDECLARED_SELECTOR = YES;
				GCC_WARN_UNINITIALIZED_AUTOS = YES_AGGRESSIVE;
				GCC_WARN_UNUSED_FUNCTION = YES;
				GCC_WARN_UNUSED_VARIABLE = YES;
				IPHONEOS_DEPLOYMENT_TARGET = 16.0;
				MTL_ENABLE_DEBUG_INFO = NO;
				MTL_FAST_MATH = YES;
				SDKROOT = iphoneos;
				SWIFT_COMPILATION_MODE = wholemodule;
				SWIFT_OPTIMIZATION_LEVEL = "-O";
				VALIDATE_PRODUCT = YES;
			};
			name = Release;
		};
		14AECAF9293361A800220307 /* Debug */ = {
			isa = XCBuildConfiguration;
			buildSettings = {
				ASSETCATALOG_COMPILER_APPICON_NAME = AppIcon;
				ASSETCATALOG_COMPILER_GLOBAL_ACCENT_COLOR_NAME = AccentColor;
				CODE_SIGN_STYLE = Automatic;
				CURRENT_PROJECT_VERSION = 1;
				DEVELOPMENT_TEAM = P3J76LHB8Z;
				GENERATE_INFOPLIST_FILE = YES;
				INFOPLIST_FILE = "stonks  ͡° ͜ʖ ͡°/Info.plist";
				INFOPLIST_KEY_UIApplicationSupportsIndirectInputEvents = YES;
				INFOPLIST_KEY_UILaunchStoryboardName = LaunchScreen;
				INFOPLIST_KEY_UIMainStoryboardFile = Main;
				INFOPLIST_KEY_UISupportedInterfaceOrientations = UIInterfaceOrientationPortrait;
				INFOPLIST_KEY_UISupportedInterfaceOrientations_iPad = "UIInterfaceOrientationLandscapeLeft UIInterfaceOrientationLandscapeRight UIInterfaceOrientationPortrait UIInterfaceOrientationPortraitUpsideDown";
				IPHONEOS_DEPLOYMENT_TARGET = 15.0;
				LD_RUNPATH_SEARCH_PATHS = (
					"$(inherited)",
					"@executable_path/Frameworks",
				);
				MARKETING_VERSION = 1.0;
				PRODUCT_BUNDLE_IDENTIFIER = "com.BeginAgain.stonks----------";
				PRODUCT_NAME = "$(TARGET_NAME)";
				SWIFT_EMIT_LOC_STRINGS = YES;
				SWIFT_VERSION = 5.0;
				TARGETED_DEVICE_FAMILY = "1,2";
			};
			name = Debug;
		};
		14AECAFA293361A800220307 /* Release */ = {
			isa = XCBuildConfiguration;
			buildSettings = {
				ASSETCATALOG_COMPILER_APPICON_NAME = AppIcon;
				ASSETCATALOG_COMPILER_GLOBAL_ACCENT_COLOR_NAME = AccentColor;
				CODE_SIGN_STYLE = Automatic;
				CURRENT_PROJECT_VERSION = 1;
				DEVELOPMENT_TEAM = P3J76LHB8Z;
				GENERATE_INFOPLIST_FILE = YES;
				INFOPLIST_FILE = "stonks  ͡° ͜ʖ ͡°/Info.plist";
				INFOPLIST_KEY_UIApplicationSupportsIndirectInputEvents = YES;
				INFOPLIST_KEY_UILaunchStoryboardName = LaunchScreen;
				INFOPLIST_KEY_UIMainStoryboardFile = Main;
				INFOPLIST_KEY_UISupportedInterfaceOrientations = UIInterfaceOrientationPortrait;
				INFOPLIST_KEY_UISupportedInterfaceOrientations_iPad = "UIInterfaceOrientationLandscapeLeft UIInterfaceOrientationLandscapeRight UIInterfaceOrientationPortrait UIInterfaceOrientationPortraitUpsideDown";
				IPHONEOS_DEPLOYMENT_TARGET = 15.0;
				LD_RUNPATH_SEARCH_PATHS = (
					"$(inherited)",
					"@executable_path/Frameworks",
				);
				MARKETING_VERSION = 1.0;
				PRODUCT_BUNDLE_IDENTIFIER = "com.BeginAgain.stonks----------";
				PRODUCT_NAME = "$(TARGET_NAME)";
				SWIFT_EMIT_LOC_STRINGS = YES;
				SWIFT_VERSION = 5.0;
				TARGETED_DEVICE_FAMILY = "1,2";
			};
			name = Release;
		};
/* End XCBuildConfiguration section */

/* Begin XCConfigurationList section */
		14AECADF293361A700220307 /* Build configuration list for PBXProject "stonks͡° ͜ʖ ͡°" */ = {
			isa = XCConfigurationList;
			buildConfigurations = (
				14AECAF6293361A800220307 /* Debug */,
				14AECAF7293361A800220307 /* Release */,
			);
			defaultConfigurationIsVisible = 0;
			defaultConfigurationName = Release;
		};
		14AECAF8293361A800220307 /* Build configuration list for PBXNativeTarget "stonks͡° ͜ʖ ͡°" */ = {
			isa = XCConfigurationList;
			buildConfigurations = (
				14AECAF9293361A800220307 /* Debug */,
				14AECAFA293361A800220307 /* Release */,
			);
			defaultConfigurationIsVisible = 0;
			defaultConfigurationName = Release;
		};
/* End XCConfigurationList section */
	};
	rootObject = 14AECADC293361A700220307 /* Project object */;
}
